
Microsoft Visual Studio Solution File, Format Version 12.00
# Visual Studio Version 16
VisualStudioVersion = 16.0.29519.181
MinimumVisualStudioVersion = 10.0.40219.1
Project("{FAE04EC0-301F-11D3-BF4B-00C04F79EFBC}") = "lab3_5_2", "lab3_5_2.csproj", "{ED9181D7-C19F-4540-8ABF-3455F4701EC1}"
EndProject
Global
	GlobalSection(SolutionConfigurationPlatforms) = preSolution
		Debug|Any CPU = Debug|Any CPU
		Release|Any CPU = Release|Any CPU
	EndGlobalSection
	GlobalSection(ProjectConfigurationPlatforms) = postSolution
		{ED9181D7-C19F-4540-8ABF-3455F4701EC1}.Debug|Any CPU.ActiveCfg = Debug|Any CPU
		{ED9181D7-C19F-4540-8ABF-3455F4701EC1}.Debug|Any CPU.Build.0 = Debug|Any CPU
		{ED9181D7-C19F-4540-8ABF-3455F4701EC1}.Release|Any CPU.ActiveCfg = Release|Any CPU
		{ED9181D7-C19F-4540-8ABF-3455F4701EC1}.Release|Any CPU.Build.0 = Release|Any CPU
	EndGlobalSection
	GlobalSection(SolutionProperties) = preSolution
		HideSolutionNode = FALSE
	EndGlobalSection
	GlobalSection(ExtensibilityGlobals) = postSolution
		SolutionGuid = {6D12279E-CC29-44E8-9297-833F97FD53E9}
	EndGlobalSection
EndGlobal
