
Microsoft Visual Studio Solution File, Format Version 12.00
# Visual Studio 15
VisualStudioVersion = 15.0.28010.2026
MinimumVisualStudioVersion = 10.0.40219.1
Project("{8BC9CEB8-8B4A-11D0-8D11-00A0C91BC942}") = "ConsoleApplication13", "ConsoleApplication13\ConsoleApplication13.vcxproj", "{69E8960A-E5CF-45FC-9AC0-8D846E7B0A10}"
EndProject
Global
	GlobalSection(SolutionConfigurationPlatforms) = preSolution
		Debug|x64 = Debug|x64
		Debug|x86 = Debug|x86
		Release|x64 = Release|x64
		Release|x86 = Release|x86
	EndGlobalSection
	GlobalSection(ProjectConfigurationPlatforms) = postSolution
		{69E8960A-E5CF-45FC-9AC0-8D846E7B0A10}.Debug|x64.ActiveCfg = Debug|x64
		{69E8960A-E5CF-45FC-9AC0-8D846E7B0A10}.Debug|x64.Build.0 = Debug|x64
		{69E8960A-E5CF-45FC-9AC0-8D846E7B0A10}.Debug|x86.ActiveCfg = Debug|Win32
		{69E8960A-E5CF-45FC-9AC0-8D846E7B0A10}.Debug|x86.Build.0 = Debug|Win32
		{69E8960A-E5CF-45FC-9AC0-8D846E7B0A10}.Release|x64.ActiveCfg = Release|x64
		{69E8960A-E5CF-45FC-9AC0-8D846E7B0A10}.Release|x64.Build.0 = Release|x64
		{69E8960A-E5CF-45FC-9AC0-8D846E7B0A10}.Release|x86.ActiveCfg = Release|Win32
		{69E8960A-E5CF-45FC-9AC0-8D846E7B0A10}.Release|x86.Build.0 = Release|Win32
	EndGlobalSection
	GlobalSection(SolutionProperties) = preSolution
		HideSolutionNode = FALSE
	EndGlobalSection
	GlobalSection(ExtensibilityGlobals) = postSolution
		SolutionGuid = {F2EBE3F1-E975-42D4-A7F4-3A873D67A0CA}
	EndGlobalSection
EndGlobal
