
Microsoft Visual Studio Solution File, Format Version 12.00
# Visual Studio Version 16
VisualStudioVersion = 16.0.29519.181
MinimumVisualStudioVersion = 10.0.40219.1
Project("{888888A0-9F3D-457C-B088-3A5042F75D52}") = "ver0.2", "ver0.2.pyproj", "{1A6DADA0-59EA-4C5B-9F41-03CCCD308A68}"
EndProject
Global
	GlobalSection(SolutionConfigurationPlatforms) = preSolution
		Debug|Any CPU = Debug|Any CPU
		Release|Any CPU = Release|Any CPU
	EndGlobalSection
	GlobalSection(ProjectConfigurationPlatforms) = postSolution
		{1A6DADA0-59EA-4C5B-9F41-03CCCD308A68}.Debug|Any CPU.ActiveCfg = Debug|Any CPU
		{1A6DADA0-59EA-4C5B-9F41-03CCCD308A68}.Release|Any CPU.ActiveCfg = Release|Any CPU
	EndGlobalSection
	GlobalSection(SolutionProperties) = preSolution
		HideSolutionNode = FALSE
	EndGlobalSection
	GlobalSection(ExtensibilityGlobals) = postSolution
		SolutionGuid = {22F6CB58-2CF0-4FA4-AAC7-58F57174F870}
	EndGlobalSection
EndGlobal
